
Microsoft Visual Studio Solution File, Format Version 12.00
# Visual Studio Version 16
VisualStudioVersion = 16.0.29215.179
MinimumVisualStudioVersion = 10.0.40219.1
Project("{FAE04EC0-301F-11D3-BF4B-00C04F79EFBC}") = "HomeWork16Collections", "HomeWork16Collections\HomeWork16Collections.csproj", "{F3688383-6D49-40B6-A212-0547D6153E52}"
EndProject
Global
	GlobalSection(SolutionConfigurationPlatforms) = preSolution
		Debug|Any CPU = Debug|Any CPU
		Release|Any CPU = Release|Any CPU
	EndGlobalSection
	GlobalSection(ProjectConfigurationPlatforms) = postSolution
		{F3688383-6D49-40B6-A212-0547D6153E52}.Debug|Any CPU.ActiveCfg = Debug|Any CPU
		{F3688383-6D49-40B6-A212-0547D6153E52}.Debug|Any CPU.Build.0 = Debug|Any CPU
		{F3688383-6D49-40B6-A212-0547D6153E52}.Release|Any CPU.ActiveCfg = Release|Any CPU
		{F3688383-6D49-40B6-A212-0547D6153E52}.Release|Any CPU.Build.0 = Release|Any CPU
	EndGlobalSection
	GlobalSection(SolutionProperties) = preSolution
		HideSolutionNode = FALSE
	EndGlobalSection
	GlobalSection(ExtensibilityGlobals) = postSolution
		SolutionGuid = {34E16FCF-9D31-4D06-8151-4183403B229C}
	EndGlobalSection
EndGlobal
